{
  "name": "pkia",
  "version": "1.0.0",
  "lockfileVersion": 1,
  "requires": true,
  "dependencies": {
    "trs-js": {
      "version": "0.1.0",
      "resolved": "https://registry.npmjs.org/trs-js/-/trs-js-0.1.0.tgz",
      "integrity": "sha512-+zZbcrc6alkztVdnuMa7eim04v/HAqyIbIFlekx6guKBKez2s4WJan9LqpDDcV4EMJvDYbdDOhNSYpk0IfdNpg=="
    }
  }
}
